{
  "nodes": {
    "flake-compat": {
      "flake": false,
      "locked": {
        "lastModified": 1761588595,
        "narHash": "sha256-XKUZz9zewJNUj46b4AJdiRZJAvSZ0Dqj2BNfXvFlJC4=",
        "owner": "edolstra",
        "repo": "flake-compat",
        "rev": "f387cd2afec9419c8ee37694406ca490c3f34ee5",
        "type": "github"
      },
      "original": {
        "owner": "edolstra",
        "repo": "flake-compat",
        "type": "github"
      }
    },
    "flake-utils": {
      "inputs": {
        "systems": "systems"
      },
      "locked": {
        "lastModified": 1731533236,
        "narHash": "sha256-l0KFg5HjrsfsO/JpG+r7fRrqm12kzFHyUHqHCVpMMbI=",
        "owner": "numtide",
        "repo": "flake-utils",
        "rev": "11707dc2f618dd54ca8739b309ec4fc024de578b",
        "type": "github"
      },
      "original": {
        "owner": "numtide",
        "repo": "flake-utils",
        "type": "github"
      }
    },
    "home-manager": {
      "inputs": {
        "nixpkgs": [
          "nixpkgs"
        ]
      },
      "locked": {
        "lastModified": 1766682973,
        "narHash": "sha256-GKO35onS711ThCxwWcfuvbIBKXwriahGqs+WZuJ3v9E=",
        "owner": "nix-community",
        "repo": "home-manager",
        "rev": "91cdb0e2d574c64fae80d221f4bf09d5592e9ec2",
        "type": "github"
      },
      "original": {
        "owner": "nix-community",
        "repo": "home-manager",
        "type": "github"
      }
    },
    "nixpkgs": {
      "locked": {
        "lastModified": 1766651565,
        "narHash": "sha256-QEhk0eXgyIqTpJ/ehZKg9IKS7EtlWxF3N7DXy42zPfU=",
        "owner": "NixOS",
        "repo": "nixpkgs",
        "rev": "3e2499d5539c16d0d173ba53552a4ff8547f4539",
        "type": "github"
      },
      "original": {
        "id": "nixpkgs",
        "ref": "nixos-unstable",
        "type": "indirect"
      }
    },
    "nixpkgs_2": {
      "locked": {
        "lastModified": 1764117427,
        "narHash": "sha256-cHkylTaI7ptKIPxUSgqQSnJ41NhnPXzebEtUuDX6xxM=",
        "owner": "miuirussia",
        "repo": "nixpkgs",
        "rev": "812238bfb3f05b5a65559a8e88f50902b717da67",
        "type": "github"
      },
      "original": {
        "owner": "miuirussia",
        "ref": "nixpkgs-unstable",
        "repo": "nixpkgs",
        "type": "github"
      }
    },
    "nixpkgs_3": {
      "locked": {
        "lastModified": 1766651565,
        "narHash": "sha256-QEhk0eXgyIqTpJ/ehZKg9IKS7EtlWxF3N7DXy42zPfU=",
        "owner": "NixOS",
        "repo": "nixpkgs",
        "rev": "3e2499d5539c16d0d173ba53552a4ff8547f4539",
        "type": "github"
      },
      "original": {
        "owner": "NixOS",
        "ref": "nixos-unstable",
        "repo": "nixpkgs",
        "type": "github"
      }
    },
    "root": {
      "inputs": {
        "home-manager": "home-manager",
        "nixpkgs": "nixpkgs",
        "yandex-browser": "yandex-browser",
        "zapret-discord-youtube": "zapret-discord-youtube"
      }
    },
    "systems": {
      "locked": {
        "lastModified": 1681028828,
        "narHash": "sha256-Vy1rq5AaRuLzOxct8nz4T6wlgyUR7zLU309k9mBC768=",
        "owner": "nix-systems",
        "repo": "default",
        "rev": "da67096a3b9bf56a91d16901293e51ba5b49a27e",
        "type": "github"
      },
      "original": {
        "owner": "nix-systems",
        "repo": "default",
        "type": "github"
      }
    },
    "yandex-browser": {
      "inputs": {
        "flake-compat": "flake-compat",
        "nixpkgs": "nixpkgs_2"
      },
      "locked": {
        "lastModified": 1764203396,
        "narHash": "sha256-8aN6n8+QTXA1wN+DcpbqB+zsnxK+dMxkL8/Uht4ogi0=",
        "owner": "miuirussia",
        "repo": "yandex-browser.nix",
        "rev": "4ce75daa7a33c05acc89756e90eeae3dd16900ab",
        "type": "github"
      },
      "original": {
        "owner": "miuirussia",
        "repo": "yandex-browser.nix",
        "type": "github"
      }
    },
    "zapret-discord-youtube": {
      "inputs": {
        "flake-utils": "flake-utils",
        "nixpkgs": "nixpkgs_3"
      },
      "locked": {
        "lastModified": 1766735938,
        "narHash": "sha256-Um6OyC61U7E+HsNe4zqP5ZugCQviZ2xUsntJCswNnfQ=",
        "owner": "kartavkun",
        "repo": "zapret-discord-youtube",
        "rev": "b38daabbf77a42a6fe63393d229a562f992f23c7",
        "type": "github"
      },
      "original": {
        "owner": "kartavkun",
        "repo": "zapret-discord-youtube",
        "type": "github"
      }
    }
  },
  "root": "root",
  "version": 7
}
